
Microsoft Visual Studio Solution File, Format Version 12.00
# Visual Studio 15
VisualStudioVersion = 15.0.28010.2036
MinimumVisualStudioVersion = 10.0.40219.1
Project("{FAE04EC0-301F-11D3-BF4B-00C04F79EFBC}") = "App23.Android", "App23\App23.Android\App23.Android.csproj", "{1DBC8BB2-B425-410E-877A-0E4FF041566F}"
EndProject
Project("{FAE04EC0-301F-11D3-BF4B-00C04F79EFBC}") = "App23.UWP", "App23\App23.UWP\App23.UWP.csproj", "{8F1E9B73-4AAF-4191-A810-8302B1908800}"
EndProject
Project("{FAE04EC0-301F-11D3-BF4B-00C04F79EFBC}") = "App23", "App23\App23\App23.csproj", "{7BF134AE-4B51-4027-9415-FDD7F144BF1A}"
EndProject
Global
	GlobalSection(SolutionConfigurationPlatforms) = preSolution
		Debug|Any CPU = Debug|Any CPU
		Debug|ARM = Debug|ARM
		Debug|x64 = Debug|x64
		Debug|x86 = Debug|x86
		Release|Any CPU = Release|Any CPU
		Release|ARM = Release|ARM
		Release|x64 = Release|x64
		Release|x86 = Release|x86
	EndGlobalSection
	GlobalSection(ProjectConfigurationPlatforms) = postSolution
		{1DBC8BB2-B425-410E-877A-0E4FF041566F}.Debug|Any CPU.ActiveCfg = Debug|Any CPU
		{1DBC8BB2-B425-410E-877A-0E4FF041566F}.Debug|Any CPU.Build.0 = Debug|Any CPU
		{1DBC8BB2-B425-410E-877A-0E4FF041566F}.Debug|Any CPU.Deploy.0 = Debug|Any CPU
		{1DBC8BB2-B425-410E-877A-0E4FF041566F}.Debug|ARM.ActiveCfg = Debug|Any CPU
		{1DBC8BB2-B425-410E-877A-0E4FF041566F}.Debug|ARM.Build.0 = Debug|Any CPU
		{1DBC8BB2-B425-410E-877A-0E4FF041566F}.Debug|ARM.Deploy.0 = Debug|Any CPU
		{1DBC8BB2-B425-410E-877A-0E4FF041566F}.Debug|x64.ActiveCfg = Debug|Any CPU
		{1DBC8BB2-B425-410E-877A-0E4FF041566F}.Debug|x64.Build.0 = Debug|Any CPU
		{1DBC8BB2-B425-410E-877A-0E4FF041566F}.Debug|x64.Deploy.0 = Debug|Any CPU
		{1DBC8BB2-B425-410E-877A-0E4FF041566F}.Debug|x86.ActiveCfg = Debug|Any CPU
		{1DBC8BB2-B425-410E-877A-0E4FF041566F}.Debug|x86.Build.0 = Debug|Any CPU
		{1DBC8BB2-B425-410E-877A-0E4FF041566F}.Debug|x86.Deploy.0 = Debug|Any CPU
		{1DBC8BB2-B425-410E-877A-0E4FF041566F}.Release|Any CPU.ActiveCfg = Release|Any CPU
		{1DBC8BB2-B425-410E-877A-0E4FF041566F}.Release|Any CPU.Build.0 = Release|Any CPU
		{1DBC8BB2-B425-410E-877A-0E4FF041566F}.Release|Any CPU.Deploy.0 = Release|Any CPU
		{1DBC8BB2-B425-410E-877A-0E4FF041566F}.Release|ARM.ActiveCfg = Release|Any CPU
		{1DBC8BB2-B425-410E-877A-0E4FF041566F}.Release|ARM.Build.0 = Release|Any CPU
		{1DBC8BB2-B425-410E-877A-0E4FF041566F}.Release|ARM.Deploy.0 = Release|Any CPU
		{1DBC8BB2-B425-410E-877A-0E4FF041566F}.Release|x64.ActiveCfg = Release|Any CPU
		{1DBC8BB2-B425-410E-877A-0E4FF041566F}.Release|x64.Build.0 = Release|Any CPU
		{1DBC8BB2-B425-410E-877A-0E4FF041566F}.Release|x64.Deploy.0 = Release|Any CPU
		{1DBC8BB2-B425-410E-877A-0E4FF041566F}.Release|x86.ActiveCfg = Release|Any CPU
		{1DBC8BB2-B425-410E-877A-0E4FF041566F}.Release|x86.Build.0 = Release|Any CPU
		{1DBC8BB2-B425-410E-877A-0E4FF041566F}.Release|x86.Deploy.0 = Release|Any CPU
		{8F1E9B73-4AAF-4191-A810-8302B1908800}.Debug|Any CPU.ActiveCfg = Debug|x86
		{8F1E9B73-4AAF-4191-A810-8302B1908800}.Debug|Any CPU.Build.0 = Debug|x86
		{8F1E9B73-4AAF-4191-A810-8302B1908800}.Debug|Any CPU.Deploy.0 = Debug|x86
		{8F1E9B73-4AAF-4191-A810-8302B1908800}.Debug|ARM.ActiveCfg = Debug|ARM
		{8F1E9B73-4AAF-4191-A810-8302B1908800}.Debug|ARM.Build.0 = Debug|ARM
		{8F1E9B73-4AAF-4191-A810-8302B1908800}.Debug|ARM.Deploy.0 = Debug|ARM
		{8F1E9B73-4AAF-4191-A810-8302B1908800}.Debug|x64.ActiveCfg = Debug|x64
		{8F1E9B73-4AAF-4191-A810-8302B1908800}.Debug|x64.Build.0 = Debug|x64
		{8F1E9B73-4AAF-4191-A810-8302B1908800}.Debug|x64.Deploy.0 = Debug|x64
		{8F1E9B73-4AAF-4191-A810-8302B1908800}.Debug|x86.ActiveCfg = Debug|x86
		{8F1E9B73-4AAF-4191-A810-8302B1908800}.Debug|x86.Build.0 = Debug|x86
		{8F1E9B73-4AAF-4191-A810-8302B1908800}.Debug|x86.Deploy.0 = Debug|x86
		{8F1E9B73-4AAF-4191-A810-8302B1908800}.Release|Any CPU.ActiveCfg = Release|x86
		{8F1E9B73-4AAF-4191-A810-8302B1908800}.Release|Any CPU.Build.0 = Release|x86
		{8F1E9B73-4AAF-4191-A810-8302B1908800}.Release|Any CPU.Deploy.0 = Release|x86
		{8F1E9B73-4AAF-4191-A810-8302B1908800}.Release|ARM.ActiveCfg = Release|ARM
		{8F1E9B73-4AAF-4191-A810-8302B1908800}.Release|ARM.Build.0 = Release|ARM
		{8F1E9B73-4AAF-4191-A810-8302B1908800}.Release|ARM.Deploy.0 = Release|ARM
		{8F1E9B73-4AAF-4191-A810-8302B1908800}.Release|x64.ActiveCfg = Release|x64
		{8F1E9B73-4AAF-4191-A810-8302B1908800}.Release|x64.Build.0 = Release|x64
		{8F1E9B73-4AAF-4191-A810-8302B1908800}.Release|x64.Deploy.0 = Release|x64
		{8F1E9B73-4AAF-4191-A810-8302B1908800}.Release|x86.ActiveCfg = Release|x86
		{8F1E9B73-4AAF-4191-A810-8302B1908800}.Release|x86.Build.0 = Release|x86
		{8F1E9B73-4AAF-4191-A810-8302B1908800}.Release|x86.Deploy.0 = Release|x86
		{7BF134AE-4B51-4027-9415-FDD7F144BF1A}.Debug|Any CPU.ActiveCfg = Debug|Any CPU
		{7BF134AE-4B51-4027-9415-FDD7F144BF1A}.Debug|Any CPU.Build.0 = Debug|Any CPU
		{7BF134AE-4B51-4027-9415-FDD7F144BF1A}.Debug|Any CPU.Deploy.0 = Debug|Any CPU
		{7BF134AE-4B51-4027-9415-FDD7F144BF1A}.Debug|ARM.ActiveCfg = Debug|Any CPU
		{7BF134AE-4B51-4027-9415-FDD7F144BF1A}.Debug|ARM.Build.0 = Debug|Any CPU
		{7BF134AE-4B51-4027-9415-FDD7F144BF1A}.Debug|ARM.Deploy.0 = Debug|Any CPU
		{7BF134AE-4B51-4027-9415-FDD7F144BF1A}.Debug|x64.ActiveCfg = Debug|Any CPU
		{7BF134AE-4B51-4027-9415-FDD7F144BF1A}.Debug|x64.Build.0 = Debug|Any CPU
		{7BF134AE-4B51-4027-9415-FDD7F144BF1A}.Debug|x64.Deploy.0 = Debug|Any CPU
		{7BF134AE-4B51-4027-9415-FDD7F144BF1A}.Debug|x86.ActiveCfg = Debug|Any CPU
		{7BF134AE-4B51-4027-9415-FDD7F144BF1A}.Debug|x86.Build.0 = Debug|Any CPU
		{7BF134AE-4B51-4027-9415-FDD7F144BF1A}.Debug|x86.Deploy.0 = Debug|Any CPU
		{7BF134AE-4B51-4027-9415-FDD7F144BF1A}.Release|Any CPU.ActiveCfg = Release|Any CPU
		{7BF134AE-4B51-4027-9415-FDD7F144BF1A}.Release|Any CPU.Build.0 = Release|Any CPU
		{7BF134AE-4B51-4027-9415-FDD7F144BF1A}.Release|Any CPU.Deploy.0 = Release|Any CPU
		{7BF134AE-4B51-4027-9415-FDD7F144BF1A}.Release|ARM.ActiveCfg = Release|Any CPU
		{7BF134AE-4B51-4027-9415-FDD7F144BF1A}.Release|ARM.Build.0 = Release|Any CPU
		{7BF134AE-4B51-4027-9415-FDD7F144BF1A}.Release|ARM.Deploy.0 = Release|Any CPU
		{7BF134AE-4B51-4027-9415-FDD7F144BF1A}.Release|x64.ActiveCfg = Release|Any CPU
		{7BF134AE-4B51-4027-9415-FDD7F144BF1A}.Release|x64.Build.0 = Release|Any CPU
		{7BF134AE-4B51-4027-9415-FDD7F144BF1A}.Release|x64.Deploy.0 = Release|Any CPU
		{7BF134AE-4B51-4027-9415-FDD7F144BF1A}.Release|x86.ActiveCfg = Release|Any CPU
		{7BF134AE-4B51-4027-9415-FDD7F144BF1A}.Release|x86.Build.0 = Release|Any CPU
		{7BF134AE-4B51-4027-9415-FDD7F144BF1A}.Release|x86.Deploy.0 = Release|Any CPU
	EndGlobalSection
	GlobalSection(SolutionProperties) = preSolution
		HideSolutionNode = FALSE
	EndGlobalSection
	GlobalSection(ExtensibilityGlobals) = postSolution
		SolutionGuid = {67F49780-C3C3-40EB-B7FC-486FCB7A5CAB}
	EndGlobalSection
EndGlobal
